
Microsoft Visual Studio Solution File, Format Version 12.00
# Visual Studio 2013
VisualStudioVersion = 12.0.30723.0
MinimumVisualStudioVersion = 10.0.40219.1
Project("{FAE04EC0-301F-11D3-BF4B-00C04F79EFBC}") = "Rovers", "Rovers\Rovers.csproj", "{D8CE8289-CFD3-4EFA-B7E1-3F5292BC02DA}"
EndProject
Project("{FAE04EC0-301F-11D3-BF4B-00C04F79EFBC}") = "Rovers.Test", "Rovers.Test\Rovers.Test.csproj", "{5E9C536A-65A3-4DEF-9BFB-E359F3602F57}"
EndProject
Global
	GlobalSection(SolutionConfigurationPlatforms) = preSolution
		Debug|Any CPU = Debug|Any CPU
		Debug|Mixed Platforms = Debug|Mixed Platforms
		Debug|x86 = Debug|x86
		Release|Any CPU = Release|Any CPU
		Release|Mixed Platforms = Release|Mixed Platforms
		Release|x86 = Release|x86
	EndGlobalSection
	GlobalSection(ProjectConfigurationPlatforms) = postSolution
		{D8CE8289-CFD3-4EFA-B7E1-3F5292BC02DA}.Debug|Any CPU.ActiveCfg = Debug|Any CPU
		{D8CE8289-CFD3-4EFA-B7E1-3F5292BC02DA}.Debug|Any CPU.Build.0 = Debug|Any CPU
		{D8CE8289-CFD3-4EFA-B7E1-3F5292BC02DA}.Debug|Mixed Platforms.ActiveCfg = Debug|Any CPU
		{D8CE8289-CFD3-4EFA-B7E1-3F5292BC02DA}.Debug|Mixed Platforms.Build.0 = Debug|Any CPU
		{D8CE8289-CFD3-4EFA-B7E1-3F5292BC02DA}.Debug|x86.ActiveCfg = Debug|Any CPU
		{D8CE8289-CFD3-4EFA-B7E1-3F5292BC02DA}.Release|Any CPU.ActiveCfg = Release|Any CPU
		{D8CE8289-CFD3-4EFA-B7E1-3F5292BC02DA}.Release|Any CPU.Build.0 = Release|Any CPU
		{D8CE8289-CFD3-4EFA-B7E1-3F5292BC02DA}.Release|Mixed Platforms.ActiveCfg = Release|Any CPU
		{D8CE8289-CFD3-4EFA-B7E1-3F5292BC02DA}.Release|Mixed Platforms.Build.0 = Release|Any CPU
		{D8CE8289-CFD3-4EFA-B7E1-3F5292BC02DA}.Release|x86.ActiveCfg = Release|Any CPU
		{5E9C536A-65A3-4DEF-9BFB-E359F3602F57}.Debug|Any CPU.ActiveCfg = Debug|Any CPU
		{5E9C536A-65A3-4DEF-9BFB-E359F3602F57}.Debug|Any CPU.Build.0 = Debug|Any CPU
		{5E9C536A-65A3-4DEF-9BFB-E359F3602F57}.Debug|Mixed Platforms.ActiveCfg = Debug|Any CPU
		{5E9C536A-65A3-4DEF-9BFB-E359F3602F57}.Debug|Mixed Platforms.Build.0 = Debug|Any CPU
		{5E9C536A-65A3-4DEF-9BFB-E359F3602F57}.Debug|x86.ActiveCfg = Debug|Any CPU
		{5E9C536A-65A3-4DEF-9BFB-E359F3602F57}.Release|Any CPU.ActiveCfg = Release|Any CPU
		{5E9C536A-65A3-4DEF-9BFB-E359F3602F57}.Release|Any CPU.Build.0 = Release|Any CPU
		{5E9C536A-65A3-4DEF-9BFB-E359F3602F57}.Release|Mixed Platforms.ActiveCfg = Release|Any CPU
		{5E9C536A-65A3-4DEF-9BFB-E359F3602F57}.Release|Mixed Platforms.Build.0 = Release|Any CPU
		{5E9C536A-65A3-4DEF-9BFB-E359F3602F57}.Release|x86.ActiveCfg = Release|Any CPU
	EndGlobalSection
	GlobalSection(SolutionProperties) = preSolution
		HideSolutionNode = FALSE
	EndGlobalSection
EndGlobal
